
Microsoft Visual Studio Solution File, Format Version 12.00
# Visual Studio Version 17
VisualStudioVersion = 17.1.32421.90
MinimumVisualStudioVersion = 10.0.40219.1
Project("{FAE04EC0-301F-11D3-BF4B-00C04F79EFBC}") = "Sammelselg_kursusetöö", "Sammelselg_kursusetöö\Sammelselg_kursusetöö.csproj", "{B7600477-79E0-4443-80CD-530E9A0290E6}"
EndProject
Global
	GlobalSection(SolutionConfigurationPlatforms) = preSolution
		Debug|Any CPU = Debug|Any CPU
		Release|Any CPU = Release|Any CPU
	EndGlobalSection
	GlobalSection(ProjectConfigurationPlatforms) = postSolution
		{B7600477-79E0-4443-80CD-530E9A0290E6}.Debug|Any CPU.ActiveCfg = Debug|Any CPU
		{B7600477-79E0-4443-80CD-530E9A0290E6}.Debug|Any CPU.Build.0 = Debug|Any CPU
		{B7600477-79E0-4443-80CD-530E9A0290E6}.Release|Any CPU.ActiveCfg = Release|Any CPU
		{B7600477-79E0-4443-80CD-530E9A0290E6}.Release|Any CPU.Build.0 = Release|Any CPU
	EndGlobalSection
	GlobalSection(SolutionProperties) = preSolution
		HideSolutionNode = FALSE
	EndGlobalSection
	GlobalSection(ExtensibilityGlobals) = postSolution
		SolutionGuid = {93C7D28C-9146-45BA-B973-35366AF359E3}
	EndGlobalSection
EndGlobal
